
Microsoft Visual Studio Solution File, Format Version 12.00
# Visual Studio Version 17
VisualStudioVersion = 17.6.33723.286
MinimumVisualStudioVersion = 10.0.40219.1
Project("{FAE04EC0-301F-11D3-BF4B-00C04F79EFBC}") = "EmployeePortal", "EmployeePortal\EmployeePortal.csproj", "{13EDCD36-0F27-411A-A464-76596838D519}"
EndProject
Global
	GlobalSection(SolutionConfigurationPlatforms) = preSolution
		Debug|Any CPU = Debug|Any CPU
		Release|Any CPU = Release|Any CPU
	EndGlobalSection
	GlobalSection(ProjectConfigurationPlatforms) = postSolution
		{13EDCD36-0F27-411A-A464-76596838D519}.Debug|Any CPU.ActiveCfg = Debug|Any CPU
		{13EDCD36-0F27-411A-A464-76596838D519}.Debug|Any CPU.Build.0 = Debug|Any CPU
		{13EDCD36-0F27-411A-A464-76596838D519}.Release|Any CPU.ActiveCfg = Release|Any CPU
		{13EDCD36-0F27-411A-A464-76596838D519}.Release|Any CPU.Build.0 = Release|Any CPU
	EndGlobalSection
	GlobalSection(SolutionProperties) = preSolution
		HideSolutionNode = FALSE
	EndGlobalSection
	GlobalSection(ExtensibilityGlobals) = postSolution
		SolutionGuid = {14618078-3444-4C23-8292-DEAF3664FF04}
	EndGlobalSection
EndGlobal
